// !$*UTF8*$!
{
	archiveVersion = 1;
	classes = {
	};
	objectVersion = 46;
	objects = {

/* Begin PBXBuildFile section */
		C42B99FB193E931900242055 /* FacebookSDK.framework in Frameworks */ = {isa = PBXBuildFile; fileRef = C42B99FA193E931900242055 /* FacebookSDK.framework */; };
		C474E4F6193E6B9F008CE66D /* AppDelegate.swift in Sources */ = {isa = PBXBuildFile; fileRef = C474E4F5193E6B9F008CE66D /* AppDelegate.swift */; };
		C474E512193E6C11008CE66D /* LoginController.swift in Sources */ = {isa = PBXBuildFile; fileRef = C474E511193E6C11008CE66D /* LoginController.swift */; };
/* End PBXBuildFile section */

/* Begin PBXFileReference section */
		C42B99FA193E931900242055 /* FacebookSDK.framework */ = {isa = PBXFileReference; lastKnownFileType = wrapper.framework; name = FacebookSDK.framework; path = Frameworks/FacebookSDK.framework; sourceTree = "<group>"; };
		C474E4F0193E6B9F008CE66D /* FBSwiftLoginExample.app */ = {isa = PBXFileReference; explicitFileType = wrapper.application; includeInIndex = 0; path = FBSwiftLoginExample.app; sourceTree = BUILT_PRODUCTS_DIR; };
		C474E4F4193E6B9F008CE66D /* Info.plist */ = {isa = PBXFileReference; lastKnownFileType = text.plist.xml; path = Info.plist; sourceTree = "<group>"; };
		C474E4F5193E6B9F008CE66D /* AppDelegate.swift */ = {isa = PBXFileReference; lastKnownFileType = sourcecode.swift; path = AppDelegate.swift; sourceTree = "<group>"; };
		C474E511193E6C11008CE66D /* LoginController.swift */ = {isa = PBXFileReference; fileEncoding = 4; lastKnownFileType = sourcecode.swift; path = LoginController.swift; sourceTree = "<group>"; };
		C474E513193E6C2F008CE66D /* Swift.h */ = {isa = PBXFileReference; lastKnownFileType = sourcecode.c.h; path = Swift.h; sourceTree = "<group>"; };
/* End PBXFileReference section */

/* Begin PBXFrameworksBuildPhase section */
		C474E4ED193E6B9F008CE66D /* Frameworks */ = {
			isa = PBXFrameworksBuildPhase;
			buildActionMask = 2147483647;
			files = (
				C42B99FB193E931900242055 /* FacebookSDK.framework in Frameworks */,
			);
			runOnlyForDeploymentPostprocessing = 0;
		};
/* End PBXFrameworksBuildPhase section */

/* Begin PBXGroup section */
		C474E4E7193E6B9F008CE66D = {
			isa = PBXGroup;
			children = (
				C474E4F2193E6B9F008CE66D /* FBSwiftLoginExample */,
				C474E4F3193E6B9F008CE66D /* Supporting Files */,
				C474E4F1193E6B9F008CE66D /* Products */,
				C474E518193E6C5C008CE66D /* Frameworks */,
			);
			sourceTree = "<group>";
		};
		C474E4F1193E6B9F008CE66D /* Products */ = {
			isa = PBXGroup;
			children = (
				C474E4F0193E6B9F008CE66D /* FBSwiftLoginExample.app */,
			);
			name = Products;
			sourceTree = "<group>";
		};
		C474E4F2193E6B9F008CE66D /* FBSwiftLoginExample */ = {
			isa = PBXGroup;
			children = (
				C474E4F5193E6B9F008CE66D /* AppDelegate.swift */,
				C474E511193E6C11008CE66D /* LoginController.swift */,
			);
			path = FBSwiftLoginExample;
			sourceTree = "<group>";
		};
		C474E4F3193E6B9F008CE66D /* Supporting Files */ = {
			isa = PBXGroup;
			children = (
				C474E513193E6C2F008CE66D /* Swift.h */,
				C474E4F4193E6B9F008CE66D /* Info.plist */,
			);
			path = "Supporting Files";
			sourceTree = "<group>";
		};
		C474E518193E6C5C008CE66D /* Frameworks */ = {
			isa = PBXGroup;
			children = (
				C42B99FA193E931900242055 /* FacebookSDK.framework */,
			);
			name = Frameworks;
			sourceTree = "<group>";
		};
/* End PBXGroup section */

/* Begin PBXNativeTarget section */
		C474E4EF193E6B9F008CE66D /* FBSwiftLoginExample */ = {
			isa = PBXNativeTarget;
			buildConfigurationList = C474E507193E6B9F008CE66D /* Build configuration list for PBXNativeTarget "FBSwiftLoginExample" */;
			buildPhases = (
				C474E4EC193E6B9F008CE66D /* Sources */,
				C474E4ED193E6B9F008CE66D /* Frameworks */,
				C474E4EE193E6B9F008CE66D /* Resources */,
			);
			buildRules = (
			);
			dependencies = (
			);
			name = FBSwiftLoginExample;
			productName = FBSwiftLoginExample;
			productReference = C474E4F0193E6B9F008CE66D /* FBSwiftLoginExample.app */;
			productType = "com.apple.product-type.application";
		};
/* End PBXNativeTarget section */

/* Begin PBXProject section */
		C474E4E8193E6B9F008CE66D /* Project object */ = {
			isa = PBXProject;
			attributes = {
				LastUpgradeCheck = 0600;
				TargetAttributes = {
					C474E4EF193E6B9F008CE66D = {
						CreatedOnToolsVersion = 6.0;
					};
				};
			};
			buildConfigurationList = C474E4EB193E6B9F008CE66D /* Build configuration list for PBXProject "FBSwiftLoginExample" */;
			compatibilityVersion = "Xcode 3.2";
			developmentRegion = English;
			hasScannedForEncodings = 0;
			knownRegions = (
				en,
			);
			mainGroup = C474E4E7193E6B9F008CE66D;
			productRefGroup = C474E4F1193E6B9F008CE66D /* Products */;
			projectDirPath = "";
			projectRoot = "";
			targets = (
				C474E4EF193E6B9F008CE66D /* FBSwiftLoginExample */,
			);
		};
/* End PBXProject section */

/* Begin PBXResourcesBuildPhase section */
		C474E4EE193E6B9F008CE66D /* Resources */ = {
			isa = PBXResourcesBuildPhase;
			buildActionMask = 2147483647;
			files = (
			);
			runOnlyForDeploymentPostprocessing = 0;
		};
/* End PBXResourcesBuildPhase section */

/* Begin PBXSourcesBuildPhase section */
		C474E4EC193E6B9F008CE66D /* Sources */ = {
			isa = PBXSourcesBuildPhase;
			buildActionMask = 2147483647;
			files = (
				C474E4F6193E6B9F008CE66D /* AppDelegate.swift in Sources */,
				C474E512193E6C11008CE66D /* LoginController.swift in Sources */,
			);
			runOnlyForDeploymentPostprocessing = 0;
		};
/* End PBXSourcesBuildPhase section */

/* Begin XCBuildConfiguration section */
		C474E505193E6B9F008CE66D /* Debug */ = {
			isa = XCBuildConfiguration;
			buildSettings = {
				ALWAYS_SEARCH_USER_PATHS = NO;
				CLANG_CXX_LANGUAGE_STANDARD = "gnu++0x";
				CLANG_CXX_LIBRARY = "libc++";
				CLANG_ENABLE_MODULES = YES;
				CLANG_ENABLE_OBJC_ARC = YES;
				CLANG_WARN_BOOL_CONVERSION = YES;
				CLANG_WARN_CONSTANT_CONVERSION = YES;
				CLANG_WARN_DIRECT_OBJC_ISA_USAGE = YES_ERROR;
				CLANG_WARN_EMPTY_BODY = YES;
				CLANG_WARN_ENUM_CONVERSION = YES;
				CLANG_WARN_INT_CONVERSION = YES;
				CLANG_WARN_OBJC_ROOT_CLASS = YES_ERROR;
				CLANG_WARN_UNREACHABLE_CODE = YES;
				CLANG_WARN__DUPLICATE_METHOD_MATCH = YES;
				"CODE_SIGN_IDENTITY[sdk=iphoneos*]" = "iPhone Developer";
				COPY_PHASE_STRIP = NO;
				ENABLE_STRICT_OBJC_MSGSEND = YES;
				GCC_C_LANGUAGE_STANDARD = gnu99;
				GCC_DYNAMIC_NO_PIC = NO;
				GCC_OPTIMIZATION_LEVEL = 0;
				GCC_PREPROCESSOR_DEFINITIONS = (
					"DEBUG=1",
					"$(inherited)",
				);
				GCC_SYMBOLS_PRIVATE_EXTERN = NO;
				GCC_WARN_64_TO_32_BIT_CONVERSION = YES;
				GCC_WARN_ABOUT_RETURN_TYPE = YES_ERROR;
				GCC_WARN_UNDECLARED_SELECTOR = YES;
				GCC_WARN_UNINITIALIZED_AUTOS = YES_AGGRESSIVE;
				GCC_WARN_UNUSED_FUNCTION = YES;
				GCC_WARN_UNUSED_VARIABLE = YES;
				IPHONEOS_DEPLOYMENT_TARGET = 8.0;
				METAL_ENABLE_DEBUG_INFO = YES;
				ONLY_ACTIVE_ARCH = YES;
				SDKROOT = iphoneos;
				SWIFT_OPTIMIZATION_LEVEL = "-Onone";
			};
			name = Debug;
		};
		C474E506193E6B9F008CE66D /* Release */ = {
			isa = XCBuildConfiguration;
			buildSettings = {
				ALWAYS_SEARCH_USER_PATHS = NO;
				CLANG_CXX_LANGUAGE_STANDARD = "gnu++0x";
				CLANG_CXX_LIBRARY = "libc++";
				CLANG_ENABLE_MODULES = YES;
				CLANG_ENABLE_OBJC_ARC = YES;
				CLANG_WARN_BOOL_CONVERSION = YES;
				CLANG_WARN_CONSTANT_CONVERSION = YES;
				CLANG_WARN_DIRECT_OBJC_ISA_USAGE = YES_ERROR;
				CLANG_WARN_EMPTY_BODY = YES;
				CLANG_WARN_ENUM_CONVERSION = YES;
				CLANG_WARN_INT_CONVERSION = YES;
				CLANG_WARN_OBJC_ROOT_CLASS = YES_ERROR;
				CLANG_WARN_UNREACHABLE_CODE = YES;
				CLANG_WARN__DUPLICATE_METHOD_MATCH = YES;
				"CODE_SIGN_IDENTITY[sdk=iphoneos*]" = "iPhone Developer";
				COPY_PHASE_STRIP = YES;
				ENABLE_NS_ASSERTIONS = NO;
				ENABLE_STRICT_OBJC_MSGSEND = YES;
				GCC_C_LANGUAGE_STANDARD = gnu99;
				GCC_WARN_64_TO_32_BIT_CONVERSION = YES;
				GCC_WARN_ABOUT_RETURN_TYPE = YES_ERROR;
				GCC_WARN_UNDECLARED_SELECTOR = YES;
				GCC_WARN_UNINITIALIZED_AUTOS = YES_AGGRESSIVE;
				GCC_WARN_UNUSED_FUNCTION = YES;
				GCC_WARN_UNUSED_VARIABLE = YES;
				IPHONEOS_DEPLOYMENT_TARGET = 8.0;
				METAL_ENABLE_DEBUG_INFO = NO;
				SDKROOT = iphoneos;
				VALIDATE_PRODUCT = YES;
			};
			name = Release;
		};
		C474E508193E6B9F008CE66D /* Debug */ = {
			isa = XCBuildConfiguration;
			buildSettings = {
				ASSETCATALOG_COMPILER_APPICON_NAME = AppIcon;
				ASSETCATALOG_COMPILER_LAUNCHIMAGE_NAME = LaunchImage;
				CLANG_ENABLE_MODULES = YES;
				DEFINES_MODULE = YES;
				FRAMEWORK_SEARCH_PATHS = (
					"$(inherited)",
					"$(PROJECT_DIR)",
					"$(PROJECT_DIR)/Frameworks",
				);
				INFOPLIST_FILE = "Supporting Files/Info.plist";
				LD_RUNPATH_SEARCH_PATHS = "$(inherited) @executable_path/Frameworks";
				PRODUCT_NAME = "$(TARGET_NAME)";
				SWIFT_OBJC_BRIDGING_HEADER = "Supporting Files/Swift.h";
				SWIFT_OPTIMIZATION_LEVEL = "-Onone";
			};
			name = Debug;
		};
		C474E509193E6B9F008CE66D /* Release */ = {
			isa = XCBuildConfiguration;
			buildSettings = {
				ASSETCATALOG_COMPILER_APPICON_NAME = AppIcon;
				ASSETCATALOG_COMPILER_LAUNCHIMAGE_NAME = LaunchImage;
				CLANG_ENABLE_MODULES = YES;
				DEFINES_MODULE = YES;
				FRAMEWORK_SEARCH_PATHS = (
					"$(inherited)",
					"$(PROJECT_DIR)",
					"$(PROJECT_DIR)/Frameworks",
				);
				INFOPLIST_FILE = "Supporting Files/Info.plist";
				LD_RUNPATH_SEARCH_PATHS = "$(inherited) @executable_path/Frameworks";
				PRODUCT_NAME = "$(TARGET_NAME)";
				SWIFT_OBJC_BRIDGING_HEADER = "Supporting Files/Swift.h";
			};
			name = Release;
		};
/* End XCBuildConfiguration section */

/* Begin XCConfigurationList section */
		C474E4EB193E6B9F008CE66D /* Build configuration list for PBXProject "FBSwiftLoginExample" */ = {
			isa = XCConfigurationList;
			buildConfigurations = (
				C474E505193E6B9F008CE66D /* Debug */,
				C474E506193E6B9F008CE66D /* Release */,
			);
			defaultConfigurationIsVisible = 0;
			defaultConfigurationName = Release;
		};
		C474E507193E6B9F008CE66D /* Build configuration list for PBXNativeTarget "FBSwiftLoginExample" */ = {
			isa = XCConfigurationList;
			buildConfigurations = (
				C474E508193E6B9F008CE66D /* Debug */,
				C474E509193E6B9F008CE66D /* Release */,
			);
			defaultConfigurationIsVisible = 0;
			defaultConfigurationName = Release;
		};
/* End XCConfigurationList section */
	};
	rootObject = C474E4E8193E6B9F008CE66D /* Project object */;
}
